
Microsoft Visual Studio Solution File, Format Version 12.00
# Visual Studio Version 17
VisualStudioVersion = 17.0.31903.59
MinimumVisualStudioVersion = 10.0.40219.1
Project("{2150E333-8FDC-42A3-9474-1A3956D46DE8}") = "src", "src", "{827E0CD3-B72D-47B6-A68D-7590B98EB39B}"
EndProject
Project("{FAE04EC0-301F-11D3-BF4B-00C04F79EFBC}") = "Tourism.Domain", "src\Tourism.Domain\Tourism.Domain.csproj", "{A1EF81A5-D301-4709-8187-BF37F28407D0}"
EndProject
Project("{FAE04EC0-301F-11D3-BF4B-00C04F79EFBC}") = "Tourism.Application", "src\Tourism.Application\Tourism.Application.csproj", "{1ADF8047-E78F-4F59-BE26-CE56F3D303F9}"
EndProject
Project("{FAE04EC0-301F-11D3-BF4B-00C04F79EFBC}") = "Tourism.Infrastructure", "src\Tourism.Infrastructure\Tourism.Infrastructure.csproj", "{AF02EB4C-202E-4D9C-ADA1-5A655654D951}"
EndProject
Project("{FAE04EC0-301F-11D3-BF4B-00C04F79EFBC}") = "Tourism.Api", "src\Tourism.Api\Tourism.Api.csproj", "{AE19E027-A419-4BD9-9242-2AFB22EC9AB1}"
EndProject
Project("{2150E333-8FDC-42A3-9474-1A3956D46DE8}") = "tests", "tests", "{0AB3BF05-4346-4AA6-1389-037BE0695223}"
EndProject
Project("{FAE04EC0-301F-11D3-BF4B-00C04F79EFBC}") = "Tourism.Domain.Tests", "tests\Tourism.Domain.Tests\Tourism.Domain.Tests.csproj", "{A209E6B6-FC16-4094-893F-35CC45BA2216}"
EndProject
Project("{FAE04EC0-301F-11D3-BF4B-00C04F79EFBC}") = "Tourism.Application.Tests", "tests\Tourism.Application.Tests\Tourism.Application.Tests.csproj", "{743C6F7F-1039-4EF1-8A7B-6C54F7B1E3E7}"
EndProject
Global
	GlobalSection(SolutionConfigurationPlatforms) = preSolution
		Debug|Any CPU = Debug|Any CPU
		Debug|x64 = Debug|x64
		Debug|x86 = Debug|x86
		Release|Any CPU = Release|Any CPU
		Release|x64 = Release|x64
		Release|x86 = Release|x86
	EndGlobalSection
	GlobalSection(ProjectConfigurationPlatforms) = postSolution
		{A1EF81A5-D301-4709-8187-BF37F28407D0}.Debug|Any CPU.ActiveCfg = Debug|Any CPU
		{A1EF81A5-D301-4709-8187-BF37F28407D0}.Debug|Any CPU.Build.0 = Debug|Any CPU
		{A1EF81A5-D301-4709-8187-BF37F28407D0}.Debug|x64.ActiveCfg = Debug|Any CPU
		{A1EF81A5-D301-4709-8187-BF37F28407D0}.Debug|x64.Build.0 = Debug|Any CPU
		{A1EF81A5-D301-4709-8187-BF37F28407D0}.Debug|x86.ActiveCfg = Debug|Any CPU
		{A1EF81A5-D301-4709-8187-BF37F28407D0}.Debug|x86.Build.0 = Debug|Any CPU
		{A1EF81A5-D301-4709-8187-BF37F28407D0}.Release|Any CPU.ActiveCfg = Release|Any CPU
		{A1EF81A5-D301-4709-8187-BF37F28407D0}.Release|Any CPU.Build.0 = Release|Any CPU
		{A1EF81A5-D301-4709-8187-BF37F28407D0}.Release|x64.ActiveCfg = Release|Any CPU
		{A1EF81A5-D301-4709-8187-BF37F28407D0}.Release|x64.Build.0 = Release|Any CPU
		{A1EF81A5-D301-4709-8187-BF37F28407D0}.Release|x86.ActiveCfg = Release|Any CPU
		{A1EF81A5-D301-4709-8187-BF37F28407D0}.Release|x86.Build.0 = Release|Any CPU
		{1ADF8047-E78F-4F59-BE26-CE56F3D303F9}.Debug|Any CPU.ActiveCfg = Debug|Any CPU
		{1ADF8047-E78F-4F59-BE26-CE56F3D303F9}.Debug|Any CPU.Build.0 = Debug|Any CPU
		{1ADF8047-E78F-4F59-BE26-CE56F3D303F9}.Debug|x64.ActiveCfg = Debug|Any CPU
		{1ADF8047-E78F-4F59-BE26-CE56F3D303F9}.Debug|x64.Build.0 = Debug|Any CPU
		{1ADF8047-E78F-4F59-BE26-CE56F3D303F9}.Debug|x86.ActiveCfg = Debug|Any CPU
		{1ADF8047-E78F-4F59-BE26-CE56F3D303F9}.Debug|x86.Build.0 = Debug|Any CPU
		{1ADF8047-E78F-4F59-BE26-CE56F3D303F9}.Release|Any CPU.ActiveCfg = Release|Any CPU
		{1ADF8047-E78F-4F59-BE26-CE56F3D303F9}.Release|Any CPU.Build.0 = Release|Any CPU
		{1ADF8047-E78F-4F59-BE26-CE56F3D303F9}.Release|x64.ActiveCfg = Release|Any CPU
		{1ADF8047-E78F-4F59-BE26-CE56F3D303F9}.Release|x64.Build.0 = Release|Any CPU
		{1ADF8047-E78F-4F59-BE26-CE56F3D303F9}.Release|x86.ActiveCfg = Release|Any CPU
		{1ADF8047-E78F-4F59-BE26-CE56F3D303F9}.Release|x86.Build.0 = Release|Any CPU
		{AF02EB4C-202E-4D9C-ADA1-5A655654D951}.Debug|Any CPU.ActiveCfg = Debug|Any CPU
		{AF02EB4C-202E-4D9C-ADA1-5A655654D951}.Debug|Any CPU.Build.0 = Debug|Any CPU
		{AF02EB4C-202E-4D9C-ADA1-5A655654D951}.Debug|x64.ActiveCfg = Debug|Any CPU
		{AF02EB4C-202E-4D9C-ADA1-5A655654D951}.Debug|x64.Build.0 = Debug|Any CPU
		{AF02EB4C-202E-4D9C-ADA1-5A655654D951}.Debug|x86.ActiveCfg = Debug|Any CPU
		{AF02EB4C-202E-4D9C-ADA1-5A655654D951}.Debug|x86.Build.0 = Debug|Any CPU
		{AF02EB4C-202E-4D9C-ADA1-5A655654D951}.Release|Any CPU.ActiveCfg = Release|Any CPU
		{AF02EB4C-202E-4D9C-ADA1-5A655654D951}.Release|Any CPU.Build.0 = Release|Any CPU
		{AF02EB4C-202E-4D9C-ADA1-5A655654D951}.Release|x64.ActiveCfg = Release|Any CPU
		{AF02EB4C-202E-4D9C-ADA1-5A655654D951}.Release|x64.Build.0 = Release|Any CPU
		{AF02EB4C-202E-4D9C-ADA1-5A655654D951}.Release|x86.ActiveCfg = Release|Any CPU
		{AF02EB4C-202E-4D9C-ADA1-5A655654D951}.Release|x86.Build.0 = Release|Any CPU
		{AE19E027-A419-4BD9-9242-2AFB22EC9AB1}.Debug|Any CPU.ActiveCfg = Debug|Any CPU
		{AE19E027-A419-4BD9-9242-2AFB22EC9AB1}.Debug|Any CPU.Build.0 = Debug|Any CPU
		{AE19E027-A419-4BD9-9242-2AFB22EC9AB1}.Debug|x64.ActiveCfg = Debug|Any CPU
		{AE19E027-A419-4BD9-9242-2AFB22EC9AB1}.Debug|x64.Build.0 = Debug|Any CPU
		{AE19E027-A419-4BD9-9242-2AFB22EC9AB1}.Debug|x86.ActiveCfg = Debug|Any CPU
		{AE19E027-A419-4BD9-9242-2AFB22EC9AB1}.Debug|x86.Build.0 = Debug|Any CPU
		{AE19E027-A419-4BD9-9242-2AFB22EC9AB1}.Release|Any CPU.ActiveCfg = Release|Any CPU
		{AE19E027-A419-4BD9-9242-2AFB22EC9AB1}.Release|Any CPU.Build.0 = Release|Any CPU
		{AE19E027-A419-4BD9-9242-2AFB22EC9AB1}.Release|x64.ActiveCfg = Release|Any CPU
		{AE19E027-A419-4BD9-9242-2AFB22EC9AB1}.Release|x64.Build.0 = Release|Any CPU
		{AE19E027-A419-4BD9-9242-2AFB22EC9AB1}.Release|x86.ActiveCfg = Release|Any CPU
		{AE19E027-A419-4BD9-9242-2AFB22EC9AB1}.Release|x86.Build.0 = Release|Any CPU
		{A209E6B6-FC16-4094-893F-35CC45BA2216}.Debug|Any CPU.ActiveCfg = Debug|Any CPU
		{A209E6B6-FC16-4094-893F-35CC45BA2216}.Debug|Any CPU.Build.0 = Debug|Any CPU
		{A209E6B6-FC16-4094-893F-35CC45BA2216}.Debug|x64.ActiveCfg = Debug|Any CPU
		{A209E6B6-FC16-4094-893F-35CC45BA2216}.Debug|x64.Build.0 = Debug|Any CPU
		{A209E6B6-FC16-4094-893F-35CC45BA2216}.Debug|x86.ActiveCfg = Debug|Any CPU
		{A209E6B6-FC16-4094-893F-35CC45BA2216}.Debug|x86.Build.0 = Debug|Any CPU
		{A209E6B6-FC16-4094-893F-35CC45BA2216}.Release|Any CPU.ActiveCfg = Release|Any CPU
		{A209E6B6-FC16-4094-893F-35CC45BA2216}.Release|Any CPU.Build.0 = Release|Any CPU
		{A209E6B6-FC16-4094-893F-35CC45BA2216}.Release|x64.ActiveCfg = Release|Any CPU
		{A209E6B6-FC16-4094-893F-35CC45BA2216}.Release|x64.Build.0 = Release|Any CPU
		{A209E6B6-FC16-4094-893F-35CC45BA2216}.Release|x86.ActiveCfg = Release|Any CPU
		{A209E6B6-FC16-4094-893F-35CC45BA2216}.Release|x86.Build.0 = Release|Any CPU
		{743C6F7F-1039-4EF1-8A7B-6C54F7B1E3E7}.Debug|Any CPU.ActiveCfg = Debug|Any CPU
		{743C6F7F-1039-4EF1-8A7B-6C54F7B1E3E7}.Debug|Any CPU.Build.0 = Debug|Any CPU
		{743C6F7F-1039-4EF1-8A7B-6C54F7B1E3E7}.Debug|x64.ActiveCfg = Debug|Any CPU
		{743C6F7F-1039-4EF1-8A7B-6C54F7B1E3E7}.Debug|x64.Build.0 = Debug|Any CPU
		{743C6F7F-1039-4EF1-8A7B-6C54F7B1E3E7}.Debug|x86.ActiveCfg = Debug|Any CPU
		{743C6F7F-1039-4EF1-8A7B-6C54F7B1E3E7}.Debug|x86.Build.0 = Debug|Any CPU
		{743C6F7F-1039-4EF1-8A7B-6C54F7B1E3E7}.Release|Any CPU.ActiveCfg = Release|Any CPU
		{743C6F7F-1039-4EF1-8A7B-6C54F7B1E3E7}.Release|Any CPU.Build.0 = Release|Any CPU
		{743C6F7F-1039-4EF1-8A7B-6C54F7B1E3E7}.Release|x64.ActiveCfg = Release|Any CPU
		{743C6F7F-1039-4EF1-8A7B-6C54F7B1E3E7}.Release|x64.Build.0 = Release|Any CPU
		{743C6F7F-1039-4EF1-8A7B-6C54F7B1E3E7}.Release|x86.ActiveCfg = Release|Any CPU
		{743C6F7F-1039-4EF1-8A7B-6C54F7B1E3E7}.Release|x86.Build.0 = Release|Any CPU
	EndGlobalSection
	GlobalSection(SolutionProperties) = preSolution
		HideSolutionNode = FALSE
	EndGlobalSection
	GlobalSection(NestedProjects) = preSolution
		{A1EF81A5-D301-4709-8187-BF37F28407D0} = {827E0CD3-B72D-47B6-A68D-7590B98EB39B}
		{1ADF8047-E78F-4F59-BE26-CE56F3D303F9} = {827E0CD3-B72D-47B6-A68D-7590B98EB39B}
		{AF02EB4C-202E-4D9C-ADA1-5A655654D951} = {827E0CD3-B72D-47B6-A68D-7590B98EB39B}
		{AE19E027-A419-4BD9-9242-2AFB22EC9AB1} = {827E0CD3-B72D-47B6-A68D-7590B98EB39B}
		{A209E6B6-FC16-4094-893F-35CC45BA2216} = {0AB3BF05-4346-4AA6-1389-037BE0695223}
		{743C6F7F-1039-4EF1-8A7B-6C54F7B1E3E7} = {0AB3BF05-4346-4AA6-1389-037BE0695223}
	EndGlobalSection
EndGlobal
